
Microsoft Visual Studio Solution File, Format Version 12.00
# Visual Studio Version 17
VisualStudioVersion = 17.10.35013.160
MinimumVisualStudioVersion = 10.0.40219.1
Project("{FAE04EC0-301F-11D3-BF4B-00C04F79EFBC}") = "LogisticaContainers.Managers", "LogisticaContainers.Managers\LogisticaContainers.Managers.csproj", "{087245FC-F994-4325-BDB8-02B1E014B8FC}"
EndProject
Project("{FAE04EC0-301F-11D3-BF4B-00C04F79EFBC}") = "LogisticaContainers.Web", "..\LogisticaContainers.Web\LogisticaContainers.Web.csproj", "{A9D7C367-D36E-44C8-950A-9F6231773AB3}"
EndProject
Global
	GlobalSection(SolutionConfigurationPlatforms) = preSolution
		Debug|Any CPU = Debug|Any CPU
		Release|Any CPU = Release|Any CPU
	EndGlobalSection
	GlobalSection(ProjectConfigurationPlatforms) = postSolution
		{087245FC-F994-4325-BDB8-02B1E014B8FC}.Debug|Any CPU.ActiveCfg = Debug|Any CPU
		{087245FC-F994-4325-BDB8-02B1E014B8FC}.Debug|Any CPU.Build.0 = Debug|Any CPU
		{087245FC-F994-4325-BDB8-02B1E014B8FC}.Release|Any CPU.ActiveCfg = Release|Any CPU
		{087245FC-F994-4325-BDB8-02B1E014B8FC}.Release|Any CPU.Build.0 = Release|Any CPU
		{A9D7C367-D36E-44C8-950A-9F6231773AB3}.Debug|Any CPU.ActiveCfg = Debug|Any CPU
		{A9D7C367-D36E-44C8-950A-9F6231773AB3}.Debug|Any CPU.Build.0 = Debug|Any CPU
		{A9D7C367-D36E-44C8-950A-9F6231773AB3}.Release|Any CPU.ActiveCfg = Release|Any CPU
		{A9D7C367-D36E-44C8-950A-9F6231773AB3}.Release|Any CPU.Build.0 = Release|Any CPU
	EndGlobalSection
	GlobalSection(SolutionProperties) = preSolution
		HideSolutionNode = FALSE
	EndGlobalSection
	GlobalSection(ExtensibilityGlobals) = postSolution
		SolutionGuid = {37F56FD9-C12D-4B01-AE2B-EC89A39EB740}
	EndGlobalSection
EndGlobal
